{
  "nodes": {
    "arion": {
      "inputs": {
        "flake-parts": "flake-parts",
        "haskell-flake": "haskell-flake",
        "nixpkgs": [
          "nixpkgs"
        ]
      },
      "locked": {
        "lastModified": 1765839957,
        "narHash": "sha256-c2k30kehMWLEQpO41OhyDruj1S7RsyBlgx4yHlXKVa4=",
        "owner": "hercules-ci",
        "repo": "arion",
        "rev": "9ff7acc2c00a40ecf24894592ea5019439bb9e13",
        "type": "github"
      },
      "original": {
        "owner": "hercules-ci",
        "repo": "arion",
        "type": "github"
      }
    },
    "disko": {
      "inputs": {
        "nixpkgs": [
          "nixpkgs"
        ]
      },
      "locked": {
        "lastModified": 1765794845,
        "narHash": "sha256-YD5QWlGnusNbZCqR3pxG8tRxx9yUXayLZfAJRWspq2s=",
        "owner": "nix-community",
        "repo": "disko",
        "rev": "7194cfe5b7a3660726b0fe7296070eaef601cae9",
        "type": "github"
      },
      "original": {
        "owner": "nix-community",
        "repo": "disko",
        "type": "github"
      }
    },
    "flake-parts": {
      "inputs": {
        "nixpkgs-lib": [
          "arion",
          "nixpkgs"
        ]
      },
      "locked": {
        "lastModified": 1763759067,
        "narHash": "sha256-LlLt2Jo/gMNYAwOgdRQBrsRoOz7BPRkzvNaI/fzXi2Q=",
        "owner": "hercules-ci",
        "repo": "flake-parts",
        "rev": "2cccadc7357c0ba201788ae99c4dfa90728ef5e0",
        "type": "github"
      },
      "original": {
        "owner": "hercules-ci",
        "repo": "flake-parts",
        "type": "github"
      }
    },
    "gmusicbrowser": {
      "inputs": {
        "nixpkgs": [
          "nixpkgs"
        ]
      },
      "locked": {
        "lastModified": 1762221901,
        "narHash": "sha256-AjVpLswF3NEpCbUl5KEegkESGVLU5dN4xHCJEgLJO+I=",
        "owner": "BeatLink",
        "repo": "gmusicbrowser-nix-flake",
        "rev": "de9f9ad0ba4dd4fdd1c9cc76526e04a990a26acd",
        "type": "github"
      },
      "original": {
        "owner": "BeatLink",
        "repo": "gmusicbrowser-nix-flake",
        "type": "github"
      }
    },
    "haskell-flake": {
      "locked": {
        "lastModified": 1675296942,
        "narHash": "sha256-u1X1sblozi5qYEcLp1hxcyo8FfDHnRUVX3dJ/tW19jY=",
        "owner": "srid",
        "repo": "haskell-flake",
        "rev": "c2cafce9d57bfca41794dc3b99c593155006c71e",
        "type": "github"
      },
      "original": {
        "owner": "srid",
        "ref": "0.1.0",
        "repo": "haskell-flake",
        "type": "github"
      }
    },
    "home-manager": {
      "inputs": {
        "nixpkgs": [
          "nixpkgs"
        ]
      },
      "locked": {
        "lastModified": 1765980955,
        "narHash": "sha256-rB45jv4uwC90vM9UZ70plfvY/2Kdygs+zlQ07dGQFk4=",
        "owner": "nix-community",
        "repo": "home-manager",
        "rev": "89c9508bbe9b40d36b3dc206c2483ef176f15173",
        "type": "github"
      },
      "original": {
        "owner": "nix-community",
        "repo": "home-manager",
        "type": "github"
      }
    },
    "impermanence": {
      "locked": {
        "lastModified": 1737831083,
        "narHash": "sha256-LJggUHbpyeDvNagTUrdhe/pRVp4pnS6wVKALS782gRI=",
        "owner": "nix-community",
        "repo": "impermanence",
        "rev": "4b3e914cdf97a5b536a889e939fb2fd2b043a170",
        "type": "github"
      },
      "original": {
        "owner": "nix-community",
        "repo": "impermanence",
        "type": "github"
      }
    },
    "mobile-nixos": {
      "flake": false,
      "locked": {
        "lastModified": 1763065138,
        "narHash": "sha256-46lJeUYH8YrfTccAoKQbO9lprq4dlo9VVLk+StPBSWM=",
        "owner": "NixOS",
        "repo": "mobile-nixos",
        "rev": "1943b7b06fcd1a2c87f4b89df58231915cc2ca44",
        "type": "github"
      },
      "original": {
        "owner": "NixOS",
        "repo": "mobile-nixos",
        "type": "github"
      }
    },
    "nix-index-database": {
      "inputs": {
        "nixpkgs": [
          "nixpkgs"
        ]
      },
      "locked": {
        "lastModified": 1765267181,
        "narHash": "sha256-d3NBA9zEtBu2JFMnTBqWj7Tmi7R5OikoU2ycrdhQEws=",
        "owner": "nix-community",
        "repo": "nix-index-database",
        "rev": "82befcf7dc77c909b0f2a09f5da910ec95c5b78f",
        "type": "github"
      },
      "original": {
        "owner": "nix-community",
        "repo": "nix-index-database",
        "type": "github"
      }
    },
    "nixos-plymouth": {
      "locked": {
        "lastModified": 1758476321,
        "narHash": "sha256-kP9fSJxZO4vHn9kL3o9h1yxKxUvON/1yvlNIYSH5yq0=",
        "owner": "BeatLink",
        "repo": "nixos-plymouth",
        "rev": "33b308bfc0e9411e5c96bc114b9f7e83e7c7fd2c",
        "type": "github"
      },
      "original": {
        "owner": "BeatLink",
        "repo": "nixos-plymouth",
        "type": "github"
      }
    },
    "nixpkgs": {
      "locked": {
        "lastModified": 1765779637,
        "narHash": "sha256-KJ2wa/BLSrTqDjbfyNx70ov/HdgNBCBBSQP3BIzKnv4=",
        "owner": "NixOS",
        "repo": "nixpkgs",
        "rev": "1306659b587dc277866c7b69eb97e5f07864d8c4",
        "type": "github"
      },
      "original": {
        "owner": "NixOS",
        "ref": "nixos-unstable",
        "repo": "nixpkgs",
        "type": "github"
      }
    },
    "nixpkgs-stable": {
      "locked": {
        "lastModified": 1765687488,
        "narHash": "sha256-7YAJ6xgBAQ/Nr+7MI13Tui1ULflgAdKh63m1tfYV7+M=",
        "owner": "NixOS",
        "repo": "nixpkgs",
        "rev": "d02bcc33948ca19b0aaa0213fe987ceec1f4ebe1",
        "type": "github"
      },
      "original": {
        "owner": "NixOS",
        "ref": "nixos-25.05",
        "repo": "nixpkgs",
        "type": "github"
      }
    },
    "plank-reloaded": {
      "inputs": {
        "nixpkgs": [
          "nixpkgs"
        ]
      },
      "locked": {
        "lastModified": 1765499886,
        "narHash": "sha256-XQaF4Z/HT+J51fA11MEeuH9CCP9ixxlEW1trGIJABjg=",
        "owner": "zquestz",
        "repo": "plank-reloaded",
        "rev": "cfff0ba549c5831f41f8f5156dfa81930694436a",
        "type": "github"
      },
      "original": {
        "owner": "zquestz",
        "repo": "plank-reloaded",
        "type": "github"
      }
    },
    "root": {
      "inputs": {
        "arion": "arion",
        "disko": "disko",
        "gmusicbrowser": "gmusicbrowser",
        "home-manager": "home-manager",
        "impermanence": "impermanence",
        "mobile-nixos": "mobile-nixos",
        "nix-index-database": "nix-index-database",
        "nixos-plymouth": "nixos-plymouth",
        "nixpkgs": "nixpkgs",
        "nixpkgs-stable": "nixpkgs-stable",
        "plank-reloaded": "plank-reloaded",
        "sops-nix": "sops-nix",
        "xdg-autostart": "xdg-autostart"
      }
    },
    "sops-nix": {
      "inputs": {
        "nixpkgs": [
          "nixpkgs"
        ]
      },
      "locked": {
        "lastModified": 1765836173,
        "narHash": "sha256-hWRYfdH2ONI7HXbqZqW8Q1y9IRbnXWvtvt/ONZovSNY=",
        "owner": "Mic92",
        "repo": "sops-nix",
        "rev": "443a7f2e7e118c4fc63b7fae05ab3080dd0e5c63",
        "type": "github"
      },
      "original": {
        "owner": "Mic92",
        "repo": "sops-nix",
        "type": "github"
      }
    },
    "xdg-autostart": {
      "locked": {
        "lastModified": 1723314998,
        "narHash": "sha256-BwP56CHfU3P7ZHr2SzAEjF3uveiN1dZ5hFHTzRLS/WI=",
        "owner": "Zocker1999NET",
        "repo": "home-manager-xdg-autostart",
        "rev": "4d1def4a330d6812fe18be140781e94003c3cc0a",
        "type": "github"
      },
      "original": {
        "owner": "Zocker1999NET",
        "repo": "home-manager-xdg-autostart",
        "type": "github"
      }
    }
  },
  "root": "root",
  "version": 7
}
