{
  "nodes": {
    "app-separators": {
      "inputs": {
        "nixpkgs": [
          "nixpkgs"
        ]
      },
      "locked": {
        "lastModified": 1781213446,
        "narHash": "sha256-6wdiSteLNQEBqlXV/kW+RG9oGTFW5oKVQEFSvb2CbBg=",
        "owner": "BeatLink",
        "repo": "Plank-Separator",
        "rev": "5ca4672b71b36ef0ad091a7174c90769234236c5",
        "type": "github"
      },
      "original": {
        "owner": "BeatLink",
        "repo": "Plank-Separator",
        "type": "github"
      }
    },
    "arion": {
      "inputs": {
        "flake-parts": "flake-parts",
        "haskell-flake": "haskell-flake",
        "nixpkgs": [
          "nixpkgs"
        ]
      },
      "locked": {
        "lastModified": 1770259557,
        "narHash": "sha256-EvZ09k9+mzXAngPzU2K7oLLUDlKoT1numb4bDb3Gtl4=",
        "owner": "hercules-ci",
        "repo": "arion",
        "rev": "9b24cf65c72cb0e9616e437d55e1ac8e5c6bc715",
        "type": "github"
      },
      "original": {
        "owner": "hercules-ci",
        "repo": "arion",
        "type": "github"
      }
    },
    "blockurl": {
      "inputs": {
        "flake-utils": "flake-utils",
        "nixpkgs": [
          "nixpkgs"
        ]
      },
      "locked": {
        "dir": "sync-server",
        "lastModified": 1782865084,
        "narHash": "sha256-QCFEgjOocKvgMxgQKITmeYoGr1VQlKNVzF7hgM5x4vA=",
        "owner": "BeatLink",
        "repo": "BlockURL",
        "rev": "38aeea39721f81318494e52a6b620d34418f3ce8",
        "type": "github"
      },
      "original": {
        "dir": "sync-server",
        "owner": "BeatLink",
        "repo": "BlockURL",
        "type": "github"
      }
    },
    "calibre-web-automated": {
      "inputs": {
        "flake-utils": "flake-utils_2",
        "nixpkgs": [
          "nixpkgs"
        ]
      },
      "locked": {
        "lastModified": 1782882833,
        "narHash": "sha256-qcXwSwtafQ4Qyrkk00gmCtqD3uRnNG4IrGvjJXDIB3w=",
        "owner": "BeatLink",
        "repo": "Calibre-Web-Automated",
        "rev": "42ac979c4ae2434567b65ccf8d1489166b413f60",
        "type": "github"
      },
      "original": {
        "owner": "BeatLink",
        "ref": "nix-packing-final",
        "repo": "Calibre-Web-Automated",
        "type": "github"
      }
    },
    "claude-code": {
      "inputs": {
        "nixpkgs": [
          "nixpkgs"
        ],
        "systems": "systems_3"
      },
      "locked": {
        "lastModified": 1787637941,
        "narHash": "sha256-pjt1wAZMN5dDgOXkgX6W6T6IhGSSG8n39KMF1u/+Ki0=",
        "owner": "sadjow",
        "repo": "claude-code-nix",
        "rev": "5c485d16df3ff3c498c015595540dbdca9d41ae8",
        "type": "github"
      },
      "original": {
        "owner": "sadjow",
        "repo": "claude-code-nix",
        "type": "github"
      }
    },
    "context": {
      "inputs": {
        "nixpkgs": [
          "nixpkgs"
        ]
      },
      "locked": {
        "lastModified": 1785623149,
        "narHash": "sha256-l6yDUzufpieRkRyFESnZQQDsw2dR/iv/wGmEK60DKIk=",
        "owner": "BeatLink",
        "repo": "Context",
        "rev": "1b87d5fbe9fe0fd3412fc21066a02905ceb3cb62",
        "type": "github"
      },
      "original": {
        "owner": "BeatLink",
        "repo": "Context",
        "type": "github"
      }
    },
    "disko": {
      "inputs": {
        "nixpkgs": [
          "nixpkgs"
        ]
      },
      "locked": {
        "lastModified": 1781152676,
        "narHash": "sha256-RxWs5ND31KzTG7wvMM+PMfUjyNpmIEr999lqNARaM5o=",
        "owner": "nix-community",
        "repo": "disko",
        "rev": "ff8702b4de27f72b4c78573dfb89ec74e36abdf1",
        "type": "github"
      },
      "original": {
        "owner": "nix-community",
        "repo": "disko",
        "type": "github"
      }
    },
    "flake-parts": {
      "inputs": {
        "nixpkgs-lib": [
          "arion",
          "nixpkgs"
        ]
      },
      "locked": {
        "lastModified": 1769996383,
        "narHash": "sha256-AnYjnFWgS49RlqX7LrC4uA+sCCDBj0Ry/WOJ5XWAsa0=",
        "owner": "hercules-ci",
        "repo": "flake-parts",
        "rev": "57928607ea566b5db3ad13af0e57e921e6b12381",
        "type": "github"
      },
      "original": {
        "owner": "hercules-ci",
        "repo": "flake-parts",
        "type": "github"
      }
    },
    "flake-parts_2": {
      "inputs": {
        "nixpkgs-lib": [
          "xdg-autostart",
          "nixpkgs"
        ]
      },
      "locked": {
        "lastModified": 1775087534,
        "narHash": "sha256-91qqW8lhL7TLwgQWijoGBbiD4t7/q75KTi8NxjVmSmA=",
        "owner": "hercules-ci",
        "repo": "flake-parts",
        "rev": "3107b77cd68437b9a76194f0f7f9c55f2329ca5b",
        "type": "github"
      },
      "original": {
        "owner": "hercules-ci",
        "repo": "flake-parts",
        "type": "github"
      }
    },
    "flake-utils": {
      "inputs": {
        "systems": "systems"
      },
      "locked": {
        "lastModified": 1731533236,
        "narHash": "sha256-l0KFg5HjrsfsO/JpG+r7fRrqm12kzFHyUHqHCVpMMbI=",
        "owner": "numtide",
        "repo": "flake-utils",
        "rev": "11707dc2f618dd54ca8739b309ec4fc024de578b",
        "type": "github"
      },
      "original": {
        "owner": "numtide",
        "repo": "flake-utils",
        "type": "github"
      }
    },
    "flake-utils_2": {
      "inputs": {
        "systems": "systems_2"
      },
      "locked": {
        "lastModified": 1731533236,
        "narHash": "sha256-l0KFg5HjrsfsO/JpG+r7fRrqm12kzFHyUHqHCVpMMbI=",
        "owner": "numtide",
        "repo": "flake-utils",
        "rev": "11707dc2f618dd54ca8739b309ec4fc024de578b",
        "type": "github"
      },
      "original": {
        "owner": "numtide",
        "repo": "flake-utils",
        "type": "github"
      }
    },
    "flake-utils_3": {
      "inputs": {
        "systems": "systems_4"
      },
      "locked": {
        "lastModified": 1731533236,
        "narHash": "sha256-l0KFg5HjrsfsO/JpG+r7fRrqm12kzFHyUHqHCVpMMbI=",
        "owner": "numtide",
        "repo": "flake-utils",
        "rev": "11707dc2f618dd54ca8739b309ec4fc024de578b",
        "type": "github"
      },
      "original": {
        "owner": "numtide",
        "repo": "flake-utils",
        "type": "github"
      }
    },
    "flake-utils_4": {
      "inputs": {
        "systems": "systems_5"
      },
      "locked": {
        "lastModified": 1731533236,
        "narHash": "sha256-l0KFg5HjrsfsO/JpG+r7fRrqm12kzFHyUHqHCVpMMbI=",
        "owner": "numtide",
        "repo": "flake-utils",
        "rev": "11707dc2f618dd54ca8739b309ec4fc024de578b",
        "type": "github"
      },
      "original": {
        "owner": "numtide",
        "repo": "flake-utils",
        "type": "github"
      }
    },
    "flake-utils_5": {
      "inputs": {
        "systems": "systems_6"
      },
      "locked": {
        "lastModified": 1731533236,
        "narHash": "sha256-l0KFg5HjrsfsO/JpG+r7fRrqm12kzFHyUHqHCVpMMbI=",
        "owner": "numtide",
        "repo": "flake-utils",
        "rev": "11707dc2f618dd54ca8739b309ec4fc024de578b",
        "type": "github"
      },
      "original": {
        "owner": "numtide",
        "repo": "flake-utils",
        "type": "github"
      }
    },
    "flake-utils_6": {
      "inputs": {
        "systems": "systems_7"
      },
      "locked": {
        "lastModified": 1731533236,
        "narHash": "sha256-l0KFg5HjrsfsO/JpG+r7fRrqm12kzFHyUHqHCVpMMbI=",
        "owner": "numtide",
        "repo": "flake-utils",
        "rev": "11707dc2f618dd54ca8739b309ec4fc024de578b",
        "type": "github"
      },
      "original": {
        "owner": "numtide",
        "repo": "flake-utils",
        "type": "github"
      }
    },
    "flake-utils_7": {
      "inputs": {
        "systems": "systems_8"
      },
      "locked": {
        "lastModified": 1731533236,
        "narHash": "sha256-l0KFg5HjrsfsO/JpG+r7fRrqm12kzFHyUHqHCVpMMbI=",
        "owner": "numtide",
        "repo": "flake-utils",
        "rev": "11707dc2f618dd54ca8739b309ec4fc024de578b",
        "type": "github"
      },
      "original": {
        "owner": "numtide",
        "repo": "flake-utils",
        "type": "github"
      }
    },
    "flake-utils_8": {
      "inputs": {
        "systems": "systems_9"
      },
      "locked": {
        "lastModified": 1731533236,
        "narHash": "sha256-l0KFg5HjrsfsO/JpG+r7fRrqm12kzFHyUHqHCVpMMbI=",
        "owner": "numtide",
        "repo": "flake-utils",
        "rev": "11707dc2f618dd54ca8739b309ec4fc024de578b",
        "type": "github"
      },
      "original": {
        "owner": "numtide",
        "repo": "flake-utils",
        "type": "github"
      }
    },
    "gmusicbrowser": {
      "inputs": {
        "nixpkgs": [
          "nixpkgs"
        ]
      },
      "locked": {
        "lastModified": 1787125498,
        "narHash": "sha256-Y73aqm79RpV+1Obvw47yzn/jFBPky76AqM3u647U4dY=",
        "owner": "BeatLink",
        "repo": "gmusicbrowser-nix-flake",
        "rev": "12b490464d394248a76ac26cc12314065d2db935",
        "type": "github"
      },
      "original": {
        "owner": "BeatLink",
        "repo": "gmusicbrowser-nix-flake",
        "type": "github"
      }
    },
    "halon": {
      "inputs": {
        "flake-utils": "flake-utils_3",
        "nixpkgs": [
          "nixpkgs"
        ]
      },
      "locked": {
        "lastModified": 1787638371,
        "narHash": "sha256-UXgb2xCVVToOk0lGHwsGmm6Sp1L/tRtq9Bc47VJmApE=",
        "owner": "BeatLink",
        "repo": "Halon",
        "rev": "0b7de03894dcd48d878ad0bdaa199869681a0b2b",
        "type": "github"
      },
      "original": {
        "owner": "BeatLink",
        "repo": "Halon",
        "type": "github"
      }
    },
    "haskell-flake": {
      "locked": {
        "lastModified": 1675296942,
        "narHash": "sha256-u1X1sblozi5qYEcLp1hxcyo8FfDHnRUVX3dJ/tW19jY=",
        "owner": "srid",
        "repo": "haskell-flake",
        "rev": "c2cafce9d57bfca41794dc3b99c593155006c71e",
        "type": "github"
      },
      "original": {
        "owner": "srid",
        "ref": "0.1.0",
        "repo": "haskell-flake",
        "type": "github"
      }
    },
    "home-manager": {
      "inputs": {
        "nixpkgs": [
          "nixpkgs"
        ]
      },
      "locked": {
        "lastModified": 1787540599,
        "narHash": "sha256-MHwk52ty3NsLhq9a1IbIfBJZlCUJIdiUYFo52JLK9hY=",
        "owner": "nix-community",
        "repo": "home-manager",
        "rev": "03f4cd46bc1dd4f3a96da778d2ce9f7ce39dd450",
        "type": "github"
      },
      "original": {
        "owner": "nix-community",
        "repo": "home-manager",
        "type": "github"
      }
    },
    "home-manager_2": {
      "inputs": {
        "nixpkgs": [
          "impermanence",
          "nixpkgs"
        ]
      },
      "locked": {
        "lastModified": 1768598210,
        "narHash": "sha256-kkgA32s/f4jaa4UG+2f8C225Qvclxnqs76mf8zvTVPg=",
        "owner": "nix-community",
        "repo": "home-manager",
        "rev": "c47b2cc64a629f8e075de52e4742de688f930dc6",
        "type": "github"
      },
      "original": {
        "owner": "nix-community",
        "repo": "home-manager",
        "type": "github"
      }
    },
    "home-manager_3": {
      "inputs": {
        "nixpkgs": [
          "xdg-autostart",
          "nixpkgs"
        ]
      },
      "locked": {
        "lastModified": 1775320414,
        "narHash": "sha256-pIDPHus8udcxO4lT+zUULBfvue2D08E73abzVEJNE+8=",
        "owner": "nix-community",
        "repo": "home-manager",
        "rev": "5ee3b3ef63e469c84639c2c9e282726352c86069",
        "type": "github"
      },
      "original": {
        "owner": "nix-community",
        "repo": "home-manager",
        "type": "github"
      }
    },
    "impermanence": {
      "inputs": {
        "home-manager": "home-manager_2",
        "nixpkgs": [
          "nixpkgs"
        ]
      },
      "locked": {
        "lastModified": 1769548169,
        "narHash": "sha256-03+JxvzmfwRu+5JafM0DLbxgHttOQZkUtDWBmeUkN8Y=",
        "owner": "nix-community",
        "repo": "impermanence",
        "rev": "7b1d382faf603b6d264f58627330f9faa5cba149",
        "type": "github"
      },
      "original": {
        "owner": "nix-community",
        "repo": "impermanence",
        "type": "github"
      }
    },
    "lenovo-control-center": {
      "flake": false,
      "locked": {
        "lastModified": 1785708985,
        "narHash": "sha256-p2tmBuGXuNtNkhb0GtwqxpogwnYdclm3xMGvnrQLDo8=",
        "owner": "webbrain-one",
        "repo": "linux-control-centre-for-lenovo",
        "rev": "0029c2de3ab63c298259c592ac5046eda65c4b02",
        "type": "github"
      },
      "original": {
        "owner": "webbrain-one",
        "ref": "webbrain/issue-1",
        "repo": "linux-control-centre-for-lenovo",
        "type": "github"
      }
    },
    "linux-sidebar": {
      "inputs": {
        "nixpkgs": [
          "nixpkgs"
        ]
      },
      "locked": {
        "lastModified": 1787631111,
        "narHash": "sha256-4Ue2/wmzX50TQcTMmyCrw6UN14myJUYX41NQM/nNPMM=",
        "owner": "BeatLink",
        "repo": "linux-sidebar",
        "rev": "f127507d2a94381d7d4d42466c04452cb0cd84e5",
        "type": "github"
      },
      "original": {
        "owner": "BeatLink",
        "repo": "linux-sidebar",
        "type": "github"
      }
    },
    "lnxlink": {
      "inputs": {
        "nixpkgs": [
          "nixpkgs"
        ]
      },
      "locked": {
        "lastModified": 1786189222,
        "narHash": "sha256-bn887i9Lx5KQUgpEhCkUR96JV7t8nlPNxJQf2+p+PD0=",
        "owner": "BeatLink",
        "repo": "lnxlink",
        "rev": "3ac1cf73af1462e5fc0386d221647763b51014cd",
        "type": "github"
      },
      "original": {
        "owner": "BeatLink",
        "repo": "lnxlink",
        "type": "github"
      }
    },
    "mobile-nixos": {
      "flake": false,
      "locked": {
        "lastModified": 1783912271,
        "narHash": "sha256-CzwmiKxuh1u+H8hDnrVeUl/fL59PvsgLbr2l0FhqWK0=",
        "owner": "NixOS",
        "repo": "mobile-nixos",
        "rev": "2c132754323fc1915e8d21dcfc0ef68ab084c6fb",
        "type": "github"
      },
      "original": {
        "owner": "NixOS",
        "repo": "mobile-nixos",
        "type": "github"
      }
    },
    "mobile-nixos_2": {
      "flake": false,
      "locked": {
        "lastModified": 1783912271,
        "narHash": "sha256-CzwmiKxuh1u+H8hDnrVeUl/fL59PvsgLbr2l0FhqWK0=",
        "owner": "NixOS",
        "repo": "mobile-nixos",
        "rev": "2c132754323fc1915e8d21dcfc0ef68ab084c6fb",
        "type": "github"
      },
      "original": {
        "owner": "NixOS",
        "repo": "mobile-nixos",
        "type": "github"
      }
    },
    "nix-flake-tests": {
      "locked": {
        "lastModified": 1677844186,
        "narHash": "sha256-ErJZ/Gs1rxh561CJeWP5bohA2IcTq1rDneu1WT6CVII=",
        "owner": "antifuchs",
        "repo": "nix-flake-tests",
        "rev": "bbd9216bd0f6495bb961a8eb8392b7ef55c67afb",
        "type": "github"
      },
      "original": {
        "owner": "antifuchs",
        "ref": "main",
        "repo": "nix-flake-tests",
        "type": "github"
      }
    },
    "nix-index-database": {
      "inputs": {
        "nixpkgs": [
          "nixpkgs"
        ]
      },
      "locked": {
        "lastModified": 1787457452,
        "narHash": "sha256-FJh4esFS3zqNNuKwvN3t6wrJGewqp1AUF9DAEvoKPD8=",
        "owner": "nix-community",
        "repo": "nix-index-database",
        "rev": "c51d5c2ba69c907a34e90c9b6b80cd2b93811745",
        "type": "github"
      },
      "original": {
        "owner": "nix-community",
        "repo": "nix-index-database",
        "type": "github"
      }
    },
    "nix-vscode-extensions": {
      "inputs": {
        "nixpkgs": [
          "nixpkgs"
        ]
      },
      "locked": {
        "lastModified": 1787622155,
        "narHash": "sha256-0XU4pHTmXMR+yJ4w8dqQMm0u9ZPBaZR7U6Vnv6Ty+tc=",
        "owner": "nix-community",
        "repo": "nix-vscode-extensions",
        "rev": "bc4a6f1cd385c23a70fb3ce6572f2c9c5db78574",
        "type": "github"
      },
      "original": {
        "owner": "nix-community",
        "repo": "nix-vscode-extensions",
        "type": "github"
      }
    },
    "nixos-plymouth": {
      "locked": {
        "lastModified": 1758476321,
        "narHash": "sha256-kP9fSJxZO4vHn9kL3o9h1yxKxUvON/1yvlNIYSH5yq0=",
        "owner": "BeatLink",
        "repo": "nixos-plymouth",
        "rev": "33b308bfc0e9411e5c96bc114b9f7e83e7c7fd2c",
        "type": "github"
      },
      "original": {
        "owner": "BeatLink",
        "repo": "nixos-plymouth",
        "type": "github"
      }
    },
    "nixpkgs": {
      "locked": {
        "lastModified": 1787498568,
        "narHash": "sha256-9i/VTdusq/+NM/tz+J1Re+ojkMB8MBf0QshnYfzHz30=",
        "owner": "NixOS",
        "repo": "nixpkgs",
        "rev": "56c02bc00adcf003215cc4bd996d6efaf4cff188",
        "type": "github"
      },
      "original": {
        "owner": "NixOS",
        "ref": "nixos-unstable",
        "repo": "nixpkgs",
        "type": "github"
      }
    },
    "nixpkgs_2": {
      "locked": {
        "lastModified": 1785571196,
        "narHash": "sha256-KoTsyMQqnXQZq8deCEnu4QkyldkwH/bpMMhUcfMdGIw=",
        "owner": "NixOS",
        "repo": "nixpkgs",
        "rev": "148bab9c1c3c53136ecb44a6ea356a0ed5b39b06",
        "type": "github"
      },
      "original": {
        "owner": "NixOS",
        "ref": "nixos-unstable",
        "repo": "nixpkgs",
        "type": "github"
      }
    },
    "nixpkgs_3": {
      "locked": {
        "lastModified": 1784812282,
        "narHash": "sha256-Na4aTmdz22ovtSvcvNKaRwEWkg801hDyX6t8JqvW+sE=",
        "owner": "NixOS",
        "repo": "nixpkgs",
        "rev": "6d12004108e0e4a5cfa4bd83b14477f040b15773",
        "type": "github"
      },
      "original": {
        "owner": "NixOS",
        "ref": "nixpkgs-unstable",
        "repo": "nixpkgs",
        "type": "github"
      }
    },
    "nixtool": {
      "inputs": {
        "flake-utils": "flake-utils_4",
        "nixpkgs": [
          "nixpkgs"
        ]
      },
      "locked": {
        "lastModified": 1787567508,
        "narHash": "sha256-w/RgzZ5/g4mwC3Ub93BPBt7PzOygs5KMenVVVNqiduU=",
        "owner": "BeatLink",
        "repo": "NixTool",
        "rev": "fa2bba01ddd402059b026b5c06650b3b0743c0df",
        "type": "github"
      },
      "original": {
        "owner": "BeatLink",
        "repo": "NixTool",
        "type": "github"
      }
    },
    "pinephone-charge": {
      "inputs": {
        "flake-utils": "flake-utils_5",
        "nixpkgs": [
          "nixpkgs"
        ]
      },
      "locked": {
        "lastModified": 1787037782,
        "narHash": "sha256-uAQCyj/PuXZmoLDVmXoS0C4TbaE2dAaagiuutxqZ8YU=",
        "owner": "BeatLink",
        "repo": "PinePhoneCharge",
        "rev": "9e75634c78d303b5ce21aae0a25524db6c17f880",
        "type": "github"
      },
      "original": {
        "owner": "BeatLink",
        "repo": "PinePhoneCharge",
        "type": "github"
      }
    },
    "pinephone-kernel": {
      "inputs": {
        "mobile-nixos": "mobile-nixos_2",
        "nixpkgs": "nixpkgs_2"
      },
      "locked": {
        "lastModified": 1786635653,
        "narHash": "sha256-41cgv3QCRlnt6YSk1Ocfrul9reesO7xYKyX3VSMMyqA=",
        "owner": "BeatLink",
        "repo": "PinePhoneKernel",
        "rev": "d0fb732062eb32564198957c1fbbf19eaee4457c",
        "type": "github"
      },
      "original": {
        "owner": "BeatLink",
        "repo": "PinePhoneKernel",
        "type": "github"
      }
    },
    "pnpm2nix": {
      "inputs": {
        "flake-utils": [
          "trilium",
          "flake-utils"
        ],
        "nixpkgs": [
          "trilium",
          "nixpkgs"
        ]
      },
      "locked": {
        "lastModified": 1784968304,
        "narHash": "sha256-NPXKyp40QNCk9r6kavSwqi/zv7OcLgrSRtPmHW+e74w=",
        "owner": "FliegendeWurst",
        "repo": "pnpm2nix-nzbr",
        "rev": "9b15300b711a50bb96e553b66aad5cad94df9c7e",
        "type": "github"
      },
      "original": {
        "owner": "FliegendeWurst",
        "ref": "main",
        "repo": "pnpm2nix-nzbr",
        "type": "github"
      }
    },
    "prewarm": {
      "inputs": {
        "flake-utils": "flake-utils_6",
        "nixpkgs": [
          "nixpkgs"
        ]
      },
      "locked": {
        "lastModified": 1786042622,
        "narHash": "sha256-2QA5DUPdreUxPqX3PngdtiMacf6pw5WhT2HZxbh2HZE=",
        "owner": "BeatLink",
        "repo": "Prewarm",
        "rev": "56012452b7faa160652bb8fdbfe731638f93824b",
        "type": "github"
      },
      "original": {
        "owner": "BeatLink",
        "repo": "Prewarm",
        "type": "github"
      }
    },
    "root": {
      "inputs": {
        "app-separators": "app-separators",
        "arion": "arion",
        "blockurl": "blockurl",
        "calibre-web-automated": "calibre-web-automated",
        "claude-code": "claude-code",
        "context": "context",
        "disko": "disko",
        "gmusicbrowser": "gmusicbrowser",
        "halon": "halon",
        "home-manager": "home-manager",
        "impermanence": "impermanence",
        "lenovo-control-center": "lenovo-control-center",
        "linux-sidebar": "linux-sidebar",
        "lnxlink": "lnxlink",
        "mobile-nixos": "mobile-nixos",
        "nix-index-database": "nix-index-database",
        "nix-vscode-extensions": "nix-vscode-extensions",
        "nixos-plymouth": "nixos-plymouth",
        "nixpkgs": "nixpkgs",
        "nixtool": "nixtool",
        "pinephone-charge": "pinephone-charge",
        "pinephone-kernel": "pinephone-kernel",
        "prewarm": "prewarm",
        "sops-nix": "sops-nix",
        "trilium": "trilium",
        "vigil": "vigil",
        "waypipe-desktop": "waypipe-desktop",
        "web-greeter": "web-greeter",
        "xdg-autostart": "xdg-autostart"
      }
    },
    "sops-nix": {
      "inputs": {
        "nixpkgs": [
          "nixpkgs"
        ]
      },
      "locked": {
        "lastModified": 1786629091,
        "narHash": "sha256-gkig4nPi1CWc4Z50GBsjE4ygSE7hMpl/TwID2an2Cck=",
        "owner": "Mic92",
        "repo": "sops-nix",
        "rev": "a8627b21b9107c5711c96b84f32a9a4b3d45295f",
        "type": "github"
      },
      "original": {
        "owner": "Mic92",
        "repo": "sops-nix",
        "type": "github"
      }
    },
    "systems": {
      "locked": {
        "lastModified": 1681028828,
        "narHash": "sha256-Vy1rq5AaRuLzOxct8nz4T6wlgyUR7zLU309k9mBC768=",
        "owner": "nix-systems",
        "repo": "default",
        "rev": "da67096a3b9bf56a91d16901293e51ba5b49a27e",
        "type": "github"
      },
      "original": {
        "owner": "nix-systems",
        "repo": "default",
        "type": "github"
      }
    },
    "systems_2": {
      "locked": {
        "lastModified": 1681028828,
        "narHash": "sha256-Vy1rq5AaRuLzOxct8nz4T6wlgyUR7zLU309k9mBC768=",
        "owner": "nix-systems",
        "repo": "default",
        "rev": "da67096a3b9bf56a91d16901293e51ba5b49a27e",
        "type": "github"
      },
      "original": {
        "owner": "nix-systems",
        "repo": "default",
        "type": "github"
      }
    },
    "systems_3": {
      "locked": {
        "lastModified": 1681028828,
        "narHash": "sha256-Vy1rq5AaRuLzOxct8nz4T6wlgyUR7zLU309k9mBC768=",
        "owner": "nix-systems",
        "repo": "default",
        "rev": "da67096a3b9bf56a91d16901293e51ba5b49a27e",
        "type": "github"
      },
      "original": {
        "owner": "nix-systems",
        "repo": "default",
        "type": "github"
      }
    },
    "systems_4": {
      "locked": {
        "lastModified": 1681028828,
        "narHash": "sha256-Vy1rq5AaRuLzOxct8nz4T6wlgyUR7zLU309k9mBC768=",
        "owner": "nix-systems",
        "repo": "default",
        "rev": "da67096a3b9bf56a91d16901293e51ba5b49a27e",
        "type": "github"
      },
      "original": {
        "owner": "nix-systems",
        "repo": "default",
        "type": "github"
      }
    },
    "systems_5": {
      "locked": {
        "lastModified": 1681028828,
        "narHash": "sha256-Vy1rq5AaRuLzOxct8nz4T6wlgyUR7zLU309k9mBC768=",
        "owner": "nix-systems",
        "repo": "default",
        "rev": "da67096a3b9bf56a91d16901293e51ba5b49a27e",
        "type": "github"
      },
      "original": {
        "owner": "nix-systems",
        "repo": "default",
        "type": "github"
      }
    },
    "systems_6": {
      "locked": {
        "lastModified": 1681028828,
        "narHash": "sha256-Vy1rq5AaRuLzOxct8nz4T6wlgyUR7zLU309k9mBC768=",
        "owner": "nix-systems",
        "repo": "default",
        "rev": "da67096a3b9bf56a91d16901293e51ba5b49a27e",
        "type": "github"
      },
      "original": {
        "owner": "nix-systems",
        "repo": "default",
        "type": "github"
      }
    },
    "systems_7": {
      "locked": {
        "lastModified": 1681028828,
        "narHash": "sha256-Vy1rq5AaRuLzOxct8nz4T6wlgyUR7zLU309k9mBC768=",
        "owner": "nix-systems",
        "repo": "default",
        "rev": "da67096a3b9bf56a91d16901293e51ba5b49a27e",
        "type": "github"
      },
      "original": {
        "owner": "nix-systems",
        "repo": "default",
        "type": "github"
      }
    },
    "systems_8": {
      "locked": {
        "lastModified": 1681028828,
        "narHash": "sha256-Vy1rq5AaRuLzOxct8nz4T6wlgyUR7zLU309k9mBC768=",
        "owner": "nix-systems",
        "repo": "default",
        "rev": "da67096a3b9bf56a91d16901293e51ba5b49a27e",
        "type": "github"
      },
      "original": {
        "owner": "nix-systems",
        "repo": "default",
        "type": "github"
      }
    },
    "systems_9": {
      "locked": {
        "lastModified": 1681028828,
        "narHash": "sha256-Vy1rq5AaRuLzOxct8nz4T6wlgyUR7zLU309k9mBC768=",
        "owner": "nix-systems",
        "repo": "default",
        "rev": "da67096a3b9bf56a91d16901293e51ba5b49a27e",
        "type": "github"
      },
      "original": {
        "owner": "nix-systems",
        "repo": "default",
        "type": "github"
      }
    },
    "trilium": {
      "inputs": {
        "flake-utils": "flake-utils_7",
        "nixpkgs": "nixpkgs_3",
        "pnpm2nix": "pnpm2nix"
      },
      "locked": {
        "lastModified": 1787162243,
        "narHash": "sha256-Kp9926+WQGbrOlvs8WIGwrP4A/+B2ujFS8MpTxGj3Qk=",
        "owner": "TriliumNext",
        "repo": "Trilium",
        "rev": "a0908a6e1e1741a3c3824d803da07300183dcb0c",
        "type": "github"
      },
      "original": {
        "owner": "TriliumNext",
        "ref": "v0.105.0",
        "repo": "Trilium",
        "type": "github"
      }
    },
    "vigil": {
      "inputs": {
        "flake-utils": "flake-utils_8",
        "nixpkgs": [
          "nixpkgs"
        ]
      },
      "locked": {
        "lastModified": 1787356228,
        "narHash": "sha256-oGAZnXCdYOeLSIYxW/BvQKSV2aM35eatF4raCW2vzkw=",
        "owner": "BeatLink",
        "repo": "Vigil",
        "rev": "bcae2e3e6e75d358a6578f9713e7d220cf7ae060",
        "type": "github"
      },
      "original": {
        "owner": "BeatLink",
        "repo": "Vigil",
        "type": "github"
      }
    },
    "waypipe-desktop": {
      "inputs": {
        "nixpkgs": [
          "nixpkgs"
        ]
      },
      "locked": {
        "lastModified": 1786458632,
        "narHash": "sha256-1jn8W6zUkRhGUY2UTeKtHY6Go3YeUhsv+Xl4/kAr1YQ=",
        "owner": "BeatLink",
        "repo": "WaypipeDesktop",
        "rev": "d2de90c36b3903c911b490254d0d4dd515ae276e",
        "type": "github"
      },
      "original": {
        "owner": "BeatLink",
        "repo": "WaypipeDesktop",
        "type": "github"
      }
    },
    "web-greeter": {
      "inputs": {
        "nixpkgs": [
          "nixpkgs"
        ]
      },
      "locked": {
        "lastModified": 1787416624,
        "narHash": "sha256-yfi8yKtCMDF+1ydfz5ghAaczTTO7fdIWWHfpc3xqk1s=",
        "ref": "nix-flake",
        "rev": "14c84de1dfb84c53c6ee703f14b23da7bd030934",
        "revCount": 893,
        "submodules": true,
        "type": "git",
        "url": "https://github.com/BeatLink/web-greeter"
      },
      "original": {
        "ref": "nix-flake",
        "submodules": true,
        "type": "git",
        "url": "https://github.com/BeatLink/web-greeter"
      }
    },
    "xdg-autostart": {
      "inputs": {
        "flake-parts": "flake-parts_2",
        "home-manager": "home-manager_3",
        "nix-flake-tests": "nix-flake-tests",
        "nixpkgs": [
          "nixpkgs"
        ]
      },
      "locked": {
        "lastModified": 1775350341,
        "narHash": "sha256-0SuYPsHRvkDXbmOjdRsdCZECOhS1798cpao5yxG+koc=",
        "owner": "Zocker1999NET",
        "repo": "home-manager-xdg-autostart",
        "rev": "4ca4ab065543aa3e1254f4f8dac7e5911f91fb5b",
        "type": "github"
      },
      "original": {
        "owner": "Zocker1999NET",
        "repo": "home-manager-xdg-autostart",
        "type": "github"
      }
    }
  },
  "root": "root",
  "version": 7
}
